
Microsoft Visual Studio Solution File, Format Version 12.00
# Visual Studio Version 17
VisualStudioVersion = 17.10.35122.118
MinimumVisualStudioVersion = 10.0.40219.1
Project("{FAE04EC0-301F-11D3-BF4B-00C04F79EFBC}") = "ui design with database", "ui design with database.csproj", "{999E1BF0-7477-4523-81C1-3342B73CD427}"
EndProject
Global
	GlobalSection(SolutionConfigurationPlatforms) = preSolution
		Debug|Any CPU = Debug|Any CPU
		Release|Any CPU = Release|Any CPU
	EndGlobalSection
	GlobalSection(ProjectConfigurationPlatforms) = postSolution
		{999E1BF0-7477-4523-81C1-3342B73CD427}.Debug|Any CPU.ActiveCfg = Debug|Any CPU
		{999E1BF0-7477-4523-81C1-3342B73CD427}.Debug|Any CPU.Build.0 = Debug|Any CPU
		{999E1BF0-7477-4523-81C1-3342B73CD427}.Release|Any CPU.ActiveCfg = Release|Any CPU
		{999E1BF0-7477-4523-81C1-3342B73CD427}.Release|Any CPU.Build.0 = Release|Any CPU
	EndGlobalSection
	GlobalSection(SolutionProperties) = preSolution
		HideSolutionNode = FALSE
	EndGlobalSection
	GlobalSection(ExtensibilityGlobals) = postSolution
		SolutionGuid = {4C9C597B-A3D1-482B-814C-BA60CED75E40}
	EndGlobalSection
EndGlobal
